{
  "requires": true,
  "lockfileVersion": 1,
  "dependencies": {
    "@ngrx/effects": {
      "version": "12.4.0",
      "resolved": "https://packages.aa.com/artifactory/api/npm/npm-public/@ngrx/effects/-/effects-12.4.0.tgz",
      "integrity": "sha1-uWpc05fuAOTVLkdroT9L4q/7kPE=",
      "requires": {
        "tslib": "^2.0.0"
      }
    },
    "tslib": {
      "version": "2.3.1",
      "resolved": "https://packages.aa.com/artifactory/api/npm/npm-public/tslib/-/tslib-2.3.1.tgz",
      "integrity": "sha1-6KM1rdXOrlGqJh0ypJAVjvBC7wE="
    }
  }
}
